
Microsoft Visual Studio Solution File, Format Version 12.00
# Visual Studio 15
Project("{FAE04EC0-301F-11D3-BF4B-00C04F79EFBC}") = "1st_task_.NET", "1st_task_.NET\1st_task_.NET.csproj", "{38F6599D-5251-459B-B189-2B33F1831E0D}"
EndProject
Global
	GlobalSection(SolutionConfigurationPlatforms) = preSolution
		Debug|anycpu = Debug|anycpu
		Release|anycpu = Release|anycpu
	EndGlobalSection
	GlobalSection(ProjectConfigurationPlatforms) = postSolution
		{38F6599D-5251-459B-B189-2B33F1831E0D}.Debug|anycpu.ActiveCfg = Debug|anycpu
		{38F6599D-5251-459B-B189-2B33F1831E0D}.Debug|anycpu.Build.0 = Debug|anycpu
		{38F6599D-5251-459B-B189-2B33F1831E0D}.Release|anycpu.ActiveCfg = Release|anycpu
		{38F6599D-5251-459B-B189-2B33F1831E0D}.Release|anycpu.Build.0 = Release|anycpu
	EndGlobalSection
EndGlobal
